{
  "name": "linter-pylama",
  "version": "0.10.1",
  "lockfileVersion": 1,
  "requires": true,
  "dependencies": {
    "atom-linter": {
      "version": "10.0.0",
      "resolved": "https://registry.npmjs.org/atom-linter/-/atom-linter-10.0.0.tgz",
      "integrity": "sha1-0nu3Tl+PCKdKQL6ynuGlDZdUPIk="
    },
    "atom-package-deps": {
      "version": "8.0.0",
      "resolved": "https://registry.npmjs.org/atom-package-deps/-/atom-package-deps-8.0.0.tgz",
      "integrity": "sha512-TSY6WX4+QbMK9r6iCY99hNW+9vW7SF0zGHfnMLgiinMj5VR5MNQIhU+2pVXqIbGWnl32uqBAKB+iBztUV0ssyg=="
    }
  }
}
