{
  "name": "linter-pylama",
  "version": "0.10.1",
  "lockfileVersion": 1,
  "requires": true,
  "dependencies": {
    "atom-linter": {
      "version": "10.0.0",
      "resolved": "https://registry.npmjs.org/atom-linter/-/atom-linter-10.0.0.tgz",
      "integrity": "sha1-0nu3Tl+PCKdKQL6ynuGlDZdUPIk="
    },
    "atom-package-deps": {
      "version": "7.2.3",
      "resolved": "https://registry.npmjs.org/atom-package-deps/-/atom-package-deps-7.2.3.tgz",
      "integrity": "sha512-Z1FHJS2c2xBN3wQVniG7jXDyE4mUjZlHA0tfIkCND9U/fHaZyBJPno4/jD8PtYUnhlymaHRbCsgxCU3QuKjqfQ=="
    }
  }
}
