{
  "name": "linter-pylama",
  "version": "0.10.1",
  "lockfileVersion": 1,
  "requires": true,
  "dependencies": {
    "atom-linter": {
      "version": "10.0.0",
      "resolved": "https://registry.npmjs.org/atom-linter/-/atom-linter-10.0.0.tgz",
      "integrity": "sha1-0nu3Tl+PCKdKQL6ynuGlDZdUPIk="
    },
    "atom-package-deps": {
      "version": "7.1.0",
      "resolved": "https://registry.npmjs.org/atom-package-deps/-/atom-package-deps-7.1.0.tgz",
      "integrity": "sha512-qSCRGyL8CE7Pwm/D5e0BeD1MJQF+a05Ky3RdQ4m9buIKdkHOq3cSlU+G9j+2S2GD+clp9Z3Hl4dkrFemv0UxVg=="
    }
  }
}
